lockfileVersion: '6.0'

settings:
  autoInstallPeers: true
  excludeLinksFromLockfile: false

dependencies:
  csv-parse:
    specifier: ^5.5.0
    version: 5.5.0

packages:

  /csv-parse@5.5.0:
    resolution: {integrity: sha512-RxruSK3M4XgzcD7Trm2wEN+SJ26ChIb903+IWxNOcB5q4jT2Cs+hFr6QP39J05EohshRFEvyzEBoZ/466S2sbw==}
    dev: false
